
Microsoft Visual Studio Solution File, Format Version 12.00
# Visual Studio Version 17
VisualStudioVersion = 17.4.33110.190
MinimumVisualStudioVersion = 10.0.40219.1
Project("{FAE04EC0-301F-11D3-BF4B-00C04F79EFBC}") = "OIApiFunctionApp", "OIApiFunctionApp.csproj", "{01B882B6-E694-4889-92B0-4C8472FAA5E9}"
EndProject
Global
	GlobalSection(SolutionConfigurationPlatforms) = preSolution
		Debug|Any CPU = Debug|Any CPU
		Release|Any CPU = Release|Any CPU
	EndGlobalSection
	GlobalSection(ProjectConfigurationPlatforms) = postSolution
		{01B882B6-E694-4889-92B0-4C8472FAA5E9}.Debug|Any CPU.ActiveCfg = Debug|Any CPU
		{01B882B6-E694-4889-92B0-4C8472FAA5E9}.Debug|Any CPU.Build.0 = Debug|Any CPU
		{01B882B6-E694-4889-92B0-4C8472FAA5E9}.Release|Any CPU.ActiveCfg = Release|Any CPU
		{01B882B6-E694-4889-92B0-4C8472FAA5E9}.Release|Any CPU.Build.0 = Release|Any CPU
	EndGlobalSection
	GlobalSection(SolutionProperties) = preSolution
		HideSolutionNode = FALSE
	EndGlobalSection
	GlobalSection(ExtensibilityGlobals) = postSolution
		SolutionGuid = {581C85D2-0549-45C9-8C9A-4B352337388F}
	EndGlobalSection
EndGlobal
